{
  "name": "test-package-dir",
  "version": "1.0.0",
  "lockfileVersion": 3,
  "requires": true,
  "packages": {
    "": {
      "name": "test-package-dir",
      "version": "1.0.0",
      "license": "ISC",
      "dependencies": {
        "my-first-npm-package-calculator": "^1.6.0"
      },
      "bin": {
        "calculator": "node_modules/my-first-npm-package-calculator/src/cli.js"
      }
    },
    "node_modules/my-first-npm-package-calculator": {
      "version": "1.6.0",
      "resolved": "https://registry.npmjs.org/my-first-npm-package-calculator/-/my-first-npm-package-calculator-1.6.0.tgz",
      "integrity": "sha512-QM13TJ3sYMXkcftMabqgWTiPvqD4YVfZ0EL3Obd16X8xVdLrMVtGFRWaNLYKNLrekcJDwQEMZAq9NU3Ltw5+QQ==",
      "dependencies": {
        "my-first-npm-package-calculator": "^1.2.0"
      },
      "bin": {
        "calculator": "src/cli.js"
      }
    }
  }
}
