{
  "name": "my-first-npm-package-calculator",
  "version": "1.6.0",
  "lockfileVersion": 3,
  "requires": true,
  "packages": {
    "": {
      "name": "my-first-npm-package-calculator",
      "version": "1.6.0",
      "license": "ISC",
      "dependencies": {
        "my-first-npm-package-calculator": "^1.2.0"
      },
      "bin": {
        "calculator": "src/cli.js"
      }
    },
    "node_modules/my-first-npm-package-calculator": {
      "version": "1.2.0",
      "resolved": "https://registry.npmjs.org/my-first-npm-package-calculator/-/my-first-npm-package-calculator-1.2.0.tgz",
      "integrity": "sha512-8vKaJuUw2t5Lem74Ql9J7iPMaF6aIPnEoucNS0HMfMrK2JW+kZ8lCepcTVTBjYI4Wud/qWz2PcthY99Co+KdEw==",
      "bin": {
        "calculator": "src/cli.js"
      }
    }
  }
}
